{
  "name": "vugel",
  "version": "0.0.1",
  "lockfileVersion": 1,
  "requires": true,
  "dependencies": {
    "@types/estree": {
      "version": "0.0.42",
      "resolved": "https://registry.npmjs.org/@types/estree/-/estree-0.0.42.tgz",
      "integrity": "sha512-K1DPVvnBCPxzD+G51/cxVIoc2X8uUVl1zpJeE6iKcgHMj4+tbat5Xu4TjV7v2QSDbIeAfLi2hIk+u2+s0MlpUQ=="
    },
    "@vue/compiler-core": {
      "version": "3.0.0-alpha.5",
      "resolved": "https://registry.npmjs.org/@vue/compiler-core/-/compiler-core-3.0.0-alpha.5.tgz",
      "integrity": "sha512-P+r/yi3tWZy7n/A2k0ykVVZheJEqfbgA4tXHkRDm0pESzms9LjmPE8qByJ8AZwjWZmA1sjJY448pIvzNTFfqAA==",
      "requires": {
        "acorn": "^7.1.0",
        "estree-walker": "^0.8.1",
        "source-map": "^0.6.1"
      }
    },
    "@vue/compiler-dom": {
      "version": "3.0.0-alpha.5",
      "resolved": "https://registry.npmjs.org/@vue/compiler-dom/-/compiler-dom-3.0.0-alpha.5.tgz",
      "integrity": "sha512-7OnU9n29JIaPUrfV5WOiM6XZLHe7OyzfsmIWus9JXu/zIOU8XUao7vouV0HfKEIJkBsN/ylL6PWkDabRc/rvOw==",
      "requires": {
        "@vue/compiler-core": "3.0.0-alpha.5"
      }
    },
    "@vue/compiler-sfc": {
      "version": "3.0.0-alpha.5",
      "resolved": "https://registry.npmjs.org/@vue/compiler-sfc/-/compiler-sfc-3.0.0-alpha.5.tgz",
      "integrity": "sha512-hqh8WsoRihrWFXWQ6+DxeBOj+QN60/B599zMYspQSWzghEw93ldTYyoaZiUf+Gf5o8wnzLLe32vzccnQ23xBLA==",
      "requires": {
        "@vue/compiler-core": "3.0.0-alpha.5",
        "@vue/compiler-dom": "3.0.0-alpha.5",
        "consolidate": "^0.15.1",
        "hash-sum": "^2.0.0",
        "lru-cache": "^5.1.1",
        "merge-source-map": "^1.1.0",
        "postcss": "^7.0.21",
        "postcss-selector-parser": "^6.0.2",
        "source-map": "^0.6.1"
      }
    },
    "@vue/reactivity": {
      "version": "3.0.0-alpha.5",
      "resolved": "https://registry.npmjs.org/@vue/reactivity/-/reactivity-3.0.0-alpha.5.tgz",
      "integrity": "sha512-UJ40HyWJWkQBT59KAhaXNy1ChZChy9jftMSxSXNkbYF2GklP4dcYPQaMBdg2V/jfWXZyDElspsrNB0YhmKEsZg=="
    },
    "@vue/runtime-core": {
      "version": "3.0.0-alpha.5",
      "resolved": "https://registry.npmjs.org/@vue/runtime-core/-/runtime-core-3.0.0-alpha.5.tgz",
      "integrity": "sha512-D/sGajvRMOwet4e8FliKKs3EqOgP0aeR2ne+5vAIcBJ0uT5Av9AF/CMDMGAMIypGkY96zJ6iiQ0CHsIfpKVP6Q==",
      "requires": {
        "@vue/reactivity": "3.0.0-alpha.5"
      }
    },
    "acorn": {
      "version": "7.1.0",
      "resolved": "https://registry.npmjs.org/acorn/-/acorn-7.1.0.tgz",
      "integrity": "sha512-kL5CuoXA/dgxlBbVrflsflzQ3PAas7RYZB52NOm/6839iVYJgKMJ3cQJD+t2i5+qFa8h3MDpEOJiS64E8JLnSQ=="
    },
    "ansi-styles": {
      "version": "3.2.1",
      "resolved": "https://registry.npmjs.org/ansi-styles/-/ansi-styles-3.2.1.tgz",
      "integrity": "sha512-VT0ZI6kZRdTh8YyJw3SMbYm/u+NqfsAxEpWO0Pf9sq8/e94WxxOpPKx9FR1FlyCtOVDNOQ+8ntlqFxiRc+r5qA==",
      "requires": {
        "color-convert": "^1.9.0"
      }
    },
    "bluebird": {
      "version": "3.7.2",
      "resolved": "https://registry.npmjs.org/bluebird/-/bluebird-3.7.2.tgz",
      "integrity": "sha512-XpNj6GDQzdfW+r2Wnn7xiSAd7TM3jzkxGXBGTtWKuSXv1xUV+azxAm8jdWZN06QTQk+2N2XB9jRDkvbmQmcRtg=="
    },
    "chalk": {
      "version": "2.4.2",
      "resolved": "https://registry.npmjs.org/chalk/-/chalk-2.4.2.tgz",
      "integrity": "sha512-Mti+f9lpJNcwF4tWV8/OrTTtF1gZi+f8FqlyAdouralcFWFQWF2+NgCHShjkCb+IFBLq9buZwE1xckQU4peSuQ==",
      "requires": {
        "ansi-styles": "^3.2.1",
        "escape-string-regexp": "^1.0.5",
        "supports-color": "^5.3.0"
      },
      "dependencies": {
        "supports-color": {
          "version": "5.5.0",
          "resolved": "https://registry.npmjs.org/supports-color/-/supports-color-5.5.0.tgz",
          "integrity": "sha512-QjVjwdXIt408MIiAqCX4oUKsgU2EqAGzs2Ppkm4aQYbjm+ZEWEcW4SfFNTr4uMNZma0ey4f5lgLrkB0aX0QMow==",
          "requires": {
            "has-flag": "^3.0.0"
          }
        }
      }
    },
    "color-convert": {
      "version": "1.9.3",
      "resolved": "https://registry.npmjs.org/color-convert/-/color-convert-1.9.3.tgz",
      "integrity": "sha512-QfAUtd+vFdAtFQcC8CCyYt1fYWxSqAiK2cSD6zDB8N3cpsEBAvRxp9zOGg6G/SHHJYAT88/az/IuDGALsNVbGg==",
      "requires": {
        "color-name": "1.1.3"
      }
    },
    "color-name": {
      "version": "1.1.3",
      "resolved": "https://registry.npmjs.org/color-name/-/color-name-1.1.3.tgz",
      "integrity": "sha1-p9BVi9icQveV3UIyj3QIMcpTvCU="
    },
    "consolidate": {
      "version": "0.15.1",
      "resolved": "https://registry.npmjs.org/consolidate/-/consolidate-0.15.1.tgz",
      "integrity": "sha512-DW46nrsMJgy9kqAbPt5rKaCr7uFtpo4mSUvLHIUbJEjm0vo+aY5QLwBUq3FK4tRnJr/X0Psc0C4jf/h+HtXSMw==",
      "requires": {
        "bluebird": "^3.1.1"
      }
    },
    "cssesc": {
      "version": "3.0.0",
      "resolved": "https://registry.npmjs.org/cssesc/-/cssesc-3.0.0.tgz",
      "integrity": "sha512-/Tb/JcjK111nNScGob5MNtsntNM1aCNUDipB/TkwZFhyDrrE47SOx/18wF2bbjgc3ZzCSKW1T5nt5EbFoAz/Vg=="
    },
    "escape-string-regexp": {
      "version": "1.0.5",
      "resolved": "https://registry.npmjs.org/escape-string-regexp/-/escape-string-regexp-1.0.5.tgz",
      "integrity": "sha1-G2HAViGQqN/2rjuyzwIAyhMLhtQ="
    },
    "estree-walker": {
      "version": "0.8.1",
      "resolved": "https://registry.npmjs.org/estree-walker/-/estree-walker-0.8.1.tgz",
      "integrity": "sha512-H6cJORkqvrNziu0KX2hqOMAlA2CiuAxHeGJXSIoKA/KLv229Dw806J3II6mKTm5xiDX1At1EXCfsOQPB+tMB+g=="
    },
    "has-flag": {
      "version": "3.0.0",
      "resolved": "https://registry.npmjs.org/has-flag/-/has-flag-3.0.0.tgz",
      "integrity": "sha1-tdRU3CGZriJWmfNGfloH87lVuv0="
    },
    "hash-sum": {
      "version": "2.0.0",
      "resolved": "https://registry.npmjs.org/hash-sum/-/hash-sum-2.0.0.tgz",
      "integrity": "sha512-WdZTbAByD+pHfl/g9QSsBIIwy8IT+EsPiKDs0KNX+zSHhdDLFKdZu0BQHljvO+0QI/BasbMSUa8wYNCZTvhslg=="
    },
    "indexes-of": {
      "version": "1.0.1",
      "resolved": "https://registry.npmjs.org/indexes-of/-/indexes-of-1.0.1.tgz",
      "integrity": "sha1-8w9xbI4r00bHtn0985FVZqfAVgc="
    },
    "lru-cache": {
      "version": "5.1.1",
      "resolved": "https://registry.npmjs.org/lru-cache/-/lru-cache-5.1.1.tgz",
      "integrity": "sha512-KpNARQA3Iwv+jTA0utUVVbrh+Jlrr1Fv0e56GGzAFOXN7dk/FviaDW8LHmK52DlcH4WP2n6gI8vN1aesBFgo9w==",
      "requires": {
        "yallist": "^3.0.2"
      }
    },
    "merge-source-map": {
      "version": "1.1.0",
      "resolved": "https://registry.npmjs.org/merge-source-map/-/merge-source-map-1.1.0.tgz",
      "integrity": "sha512-Qkcp7P2ygktpMPh2mCQZaf3jhN6D3Z/qVZHSdWvQ+2Ef5HgRAPBO57A77+ENm0CPx2+1Ce/MYKi3ymqdfuqibw==",
      "requires": {
        "source-map": "^0.6.1"
      }
    },
    "postcss": {
      "version": "7.0.27",
      "resolved": "https://registry.npmjs.org/postcss/-/postcss-7.0.27.tgz",
      "integrity": "sha512-WuQETPMcW9Uf1/22HWUWP9lgsIC+KEHg2kozMflKjbeUtw9ujvFX6QmIfozaErDkmLWS9WEnEdEe6Uo9/BNTdQ==",
      "requires": {
        "chalk": "^2.4.2",
        "source-map": "^0.6.1",
        "supports-color": "^6.1.0"
      }
    },
    "postcss-selector-parser": {
      "version": "6.0.2",
      "resolved": "https://registry.npmjs.org/postcss-selector-parser/-/postcss-selector-parser-6.0.2.tgz",
      "integrity": "sha512-36P2QR59jDTOAiIkqEprfJDsoNrvwFei3eCqKd1Y0tUsBimsq39BLp7RD+JWny3WgB1zGhJX8XVePwm9k4wdBg==",
      "requires": {
        "cssesc": "^3.0.0",
        "indexes-of": "^1.0.1",
        "uniq": "^1.0.1"
      }
    },
    "source-map": {
      "version": "0.6.1",
      "resolved": "https://registry.npmjs.org/source-map/-/source-map-0.6.1.tgz",
      "integrity": "sha512-UjgapumWlbMhkBgzT7Ykc5YXUT46F0iKu8SGXq0bcwP5dz/h0Plj6enJqjz1Zbq2l5WaqYnrVbwWOWMyF3F47g=="
    },
    "supports-color": {
      "version": "6.1.0",
      "resolved": "https://registry.npmjs.org/supports-color/-/supports-color-6.1.0.tgz",
      "integrity": "sha512-qe1jfm1Mg7Nq/NSh6XE24gPXROEVsWHxC1LIx//XNlD9iw7YZQGjZNjYN7xGaEG6iKdA8EtNFW6R0gjnVXp+wQ==",
      "requires": {
        "has-flag": "^3.0.0"
      }
    },
    "uniq": {
      "version": "1.0.1",
      "resolved": "https://registry.npmjs.org/uniq/-/uniq-1.0.1.tgz",
      "integrity": "sha1-sxxa6CVIRKOoKBVBzisEuGWnNP8="
    },
    "yallist": {
      "version": "3.1.1",
      "resolved": "https://registry.npmjs.org/yallist/-/yallist-3.1.1.tgz",
      "integrity": "sha512-a4UGQaWPH59mOXUYnAG2ewncQS4i4F43Tv3JoAM+s2VDAmS9NsK8GpDMLrCHPksFT7h3K6TOoUNn2pb7RoXx4g=="
    }
  }
}
